Microsoft Visual Studio Solution File, Format Version 12.00
# Visual Studio Version 17
VisualStudioVersion = 17.5.2.0
MinimumVisualStudioVersion = 10.0.40219.1
Project("{2150E333-8FDC-42A3-9474-1A3956D46DE8}") = "be", "be", "{925EF7A6-BD2D-FD16-DA9B-B4A434F89C38}"
EndProject
Project("{2150E333-8FDC-42A3-9474-1A3956D46DE8}") = "src", "src", "{9DCC5EC5-889C-929E-8911-71B6B532B8EE}"
EndProject
Project("{FAE04EC0-301F-11D3-BF4B-00C04F79EFBC}") = "be", "be\src\be.csproj", "{2D881A30-A0B5-7406-9DEE-429990DD9838}"
EndProject
Global
	GlobalSection(SolutionConfigurationPlatforms) = preSolution
		Debug|Any CPU = Debug|Any CPU
		Release|Any CPU = Release|Any CPU
	EndGlobalSection
	GlobalSection(ProjectConfigurationPlatforms) = postSolution
		{2D881A30-A0B5-7406-9DEE-429990DD9838}.Debug|Any CPU.ActiveCfg = Debug|Any CPU
		{2D881A30-A0B5-7406-9DEE-429990DD9838}.Debug|Any CPU.Build.0 = Debug|Any CPU
		{2D881A30-A0B5-7406-9DEE-429990DD9838}.Release|Any CPU.ActiveCfg = Release|Any CPU
		{2D881A30-A0B5-7406-9DEE-429990DD9838}.Release|Any CPU.Build.0 = Release|Any CPU
	EndGlobalSection
	GlobalSection(SolutionProperties) = preSolution
		HideSolutionNode = FALSE
	EndGlobalSection
	GlobalSection(NestedProjects) = preSolution
		{9DCC5EC5-889C-929E-8911-71B6B532B8EE} = {925EF7A6-BD2D-FD16-DA9B-B4A434F89C38}
		{2D881A30-A0B5-7406-9DEE-429990DD9838} = {9DCC5EC5-889C-929E-8911-71B6B532B8EE}
	EndGlobalSection
	GlobalSection(ExtensibilityGlobals) = postSolution
		SolutionGuid = {4BA7D672-B212-4C41-8BC0-06372D5E4A64}
	EndGlobalSection
EndGlobal
