
Microsoft Visual Studio Solution File, Format Version 12.00
# Visual Studio Version 18
VisualStudioVersion = 18.3.11415.281 d18.3
MinimumVisualStudioVersion = 10.0.40219.1
Project("{FAE04EC0-301F-11D3-BF4B-00C04F79EFBC}") = "cake-store-api", "cake-store-api.csproj", "{5043127C-C98C-A375-A98C-957BB8152721}"
EndProject
Global
	GlobalSection(SolutionConfigurationPlatforms) = preSolution
		Debug|Any CPU = Debug|Any CPU
		Release|Any CPU = Release|Any CPU
	EndGlobalSection
	GlobalSection(ProjectConfigurationPlatforms) = postSolution
		{5043127C-C98C-A375-A98C-957BB8152721}.Debug|Any CPU.ActiveCfg = Debug|Any CPU
		{5043127C-C98C-A375-A98C-957BB8152721}.Debug|Any CPU.Build.0 = Debug|Any CPU
		{5043127C-C98C-A375-A98C-957BB8152721}.Release|Any CPU.ActiveCfg = Release|Any CPU
		{5043127C-C98C-A375-A98C-957BB8152721}.Release|Any CPU.Build.0 = Release|Any CPU
	EndGlobalSection
	GlobalSection(SolutionProperties) = preSolution
		HideSolutionNode = FALSE
	EndGlobalSection
	GlobalSection(ExtensibilityGlobals) = postSolution
		SolutionGuid = {FC9616A3-F64F-4D10-B530-4773A688A9EB}
	EndGlobalSection
EndGlobal
